
Microsoft Visual Studio Solution File, Format Version 12.00
# Visual Studio 15
VisualStudioVersion = 15.0.27703.2018
MinimumVisualStudioVersion = 10.0.40219.1
Project("{FAE04EC0-301F-11D3-BF4B-00C04F79EFBC}") = "NetCoreTest1", "NetCoreTest1\NetCoreTest1.csproj", "{DA111713-99A8-429C-9E5B-A31CE1FFF523}"
EndProject
Global
	GlobalSection(SolutionConfigurationPlatforms) = preSolution
		Debug|Any CPU = Debug|Any CPU
		Release|Any CPU = Release|Any CPU
	EndGlobalSection
	GlobalSection(ProjectConfigurationPlatforms) = postSolution
		{DA111713-99A8-429C-9E5B-A31CE1FFF523}.Debug|Any CPU.ActiveCfg = Debug|Any CPU
		{DA111713-99A8-429C-9E5B-A31CE1FFF523}.Debug|Any CPU.Build.0 = Debug|Any CPU
		{DA111713-99A8-429C-9E5B-A31CE1FFF523}.Release|Any CPU.ActiveCfg = Release|Any CPU
		{DA111713-99A8-429C-9E5B-A31CE1FFF523}.Release|Any CPU.Build.0 = Release|Any CPU
	EndGlobalSection
	GlobalSection(SolutionProperties) = preSolution
		HideSolutionNode = FALSE
	EndGlobalSection
	GlobalSection(ExtensibilityGlobals) = postSolution
		SolutionGuid = {2396EEA5-EE3B-46E5-9A70-696971CECCFE}
	EndGlobalSection
EndGlobal
